
Microsoft Visual Studio Solution File, Format Version 12.00
# Visual Studio Version 16
VisualStudioVersion = 16.0.29418.71
MinimumVisualStudioVersion = 10.0.40219.1
Project("{F184B08F-C81C-45F6-A57F-5ABD9991F28F}") = "WMI_Get_UserName", "WMI_Get_UserName\WMI_Get_UserName.vbproj", "{C94F6F0C-9A92-4E46-8D62-2D423FD06913}"
EndProject
Global
	GlobalSection(SolutionConfigurationPlatforms) = preSolution
		Debug|Any CPU = Debug|Any CPU
		Release|Any CPU = Release|Any CPU
	EndGlobalSection
	GlobalSection(ProjectConfigurationPlatforms) = postSolution
		{C94F6F0C-9A92-4E46-8D62-2D423FD06913}.Debug|Any CPU.ActiveCfg = Debug|Any CPU
		{C94F6F0C-9A92-4E46-8D62-2D423FD06913}.Debug|Any CPU.Build.0 = Debug|Any CPU
		{C94F6F0C-9A92-4E46-8D62-2D423FD06913}.Release|Any CPU.ActiveCfg = Release|Any CPU
		{C94F6F0C-9A92-4E46-8D62-2D423FD06913}.Release|Any CPU.Build.0 = Release|Any CPU
	EndGlobalSection
	GlobalSection(SolutionProperties) = preSolution
		HideSolutionNode = FALSE
	EndGlobalSection
	GlobalSection(ExtensibilityGlobals) = postSolution
		SolutionGuid = {112F5FED-A403-4817-A77C-11BCA9151198}
	EndGlobalSection
EndGlobal
