
Microsoft Visual Studio Solution File, Format Version 12.00
# Visual Studio Version 16
VisualStudioVersion = 16.0.29418.71
MinimumVisualStudioVersion = 10.0.40219.1
Project("{F184B08F-C81C-45F6-A57F-5ABD9991F28F}") = "Set_UserName", "Set_UserName\Set_UserName.vbproj", "{A6DF3036-E899-490B-848B-AF5611BD9AF3}"
EndProject
Global
	GlobalSection(SolutionConfigurationPlatforms) = preSolution
		Debug|Any CPU = Debug|Any CPU
		Release|Any CPU = Release|Any CPU
	EndGlobalSection
	GlobalSection(ProjectConfigurationPlatforms) = postSolution
		{A6DF3036-E899-490B-848B-AF5611BD9AF3}.Debug|Any CPU.ActiveCfg = Debug|Any CPU
		{A6DF3036-E899-490B-848B-AF5611BD9AF3}.Debug|Any CPU.Build.0 = Debug|Any CPU
		{A6DF3036-E899-490B-848B-AF5611BD9AF3}.Release|Any CPU.ActiveCfg = Release|Any CPU
		{A6DF3036-E899-490B-848B-AF5611BD9AF3}.Release|Any CPU.Build.0 = Release|Any CPU
	EndGlobalSection
	GlobalSection(SolutionProperties) = preSolution
		HideSolutionNode = FALSE
	EndGlobalSection
	GlobalSection(ExtensibilityGlobals) = postSolution
		SolutionGuid = {A5D0D9F7-0C37-4A04-8E81-6B9EB75847E8}
	EndGlobalSection
EndGlobal
